Microsoft Visual Studio Solution File, Format Version 12.00
# Visual Studio Version 17
VisualStudioVersion = 17.13.36105.23
MinimumVisualStudioVersion = 10.0.40219.1
Project("{FAE04EC0-301F-11D3-BF4B-00C04F79EFBC}") = "LightOps.NeuralLens.AppHost", "src\LightOps.NeuralLens.AppHost\LightOps.NeuralLens.AppHost.csproj", "{92B1362B-BDD6-44D3-A163-8E3479CFAFB6}"
EndProject
Project("{FAE04EC0-301F-11D3-BF4B-00C04F79EFBC}") = "LightOps.NeuralLens.Component.ServiceDefaults", "src\LightOps.NeuralLens.Component.ServiceDefaults\LightOps.NeuralLens.Component.ServiceDefaults.csproj", "{30CA19B3-C155-DB72-1DA4-838D8AEB0B8D}"
EndProject
Project("{2150E333-8FDC-42A3-9474-1A3956D46DE8}") = "Solution Items", "Solution Items", "{8EC462FD-D22E-90A8-E5CE-7E832BA40C5D}"
	ProjectSection(SolutionItems) = preProject
		.dockerignore = .dockerignore
		Directory.Build.props = Directory.Build.props
		openapi-update.bat = openapi-update.bat
		lib\settings\Rules.ruleset = lib\settings\Rules.ruleset
		lib\settings\stylecop.json = lib\settings\stylecop.json
	EndProjectSection
EndProject
Project("{2150E333-8FDC-42A3-9474-1A3956D46DE8}") = "API Services", "API Services", "{02EA681E-C7D8-13C7-8484-4AC65E1B71E8}"
EndProject
Project("{2150E333-8FDC-42A3-9474-1A3956D46DE8}") = "Components", "Components", "{AB981933-FCBD-4642-9609-4CB24683A4CA}"
EndProject
Project("{2150E333-8FDC-42A3-9474-1A3956D46DE8}") = "Frontends", "Frontends", "{523B8D76-EBEF-490C-8CEF-519DE1A39FAF}"
EndProject
Project("{2150E333-8FDC-42A3-9474-1A3956D46DE8}") = "Runtimes", "Runtimes", "{77117863-B62A-4DCC-9793-22E68E3A1BD1}"
EndProject
Project("{FAE04EC0-301F-11D3-BF4B-00C04F79EFBC}") = "LightOps.NeuralLens.ObservabilityApi", "src\LightOps.NeuralLens.ObservabilityApi\LightOps.NeuralLens.ObservabilityApi.csproj", "{F9AC15E1-7689-4CCF-A599-388E834C6EC4}"
EndProject
Project("{FAE04EC0-301F-11D3-BF4B-00C04F79EFBC}") = "LightOps.NeuralLens.DocumentationFrontend", "src\LightOps.NeuralLens.DocumentationFrontend\LightOps.NeuralLens.DocumentationFrontend.csproj", "{C8BB3688-58EB-45A0-B9D0-3CE53C0D5516}"
EndProject
Project("{FAE04EC0-301F-11D3-BF4B-00C04F79EFBC}") = "LightOps.NeuralLens.EvaluationApi", "src\LightOps.NeuralLens.EvaluationApi\LightOps.NeuralLens.EvaluationApi.csproj", "{8602A3EA-FF25-4F11-B9E1-0E67CB347741}"
EndProject
Project("{2150E333-8FDC-42A3-9474-1A3956D46DE8}") = "Clients", "Clients", "{B477B74D-6D2B-42CD-8FD6-E18C948B88A7}"
EndProject
Project("{FAE04EC0-301F-11D3-BF4B-00C04F79EFBC}") = "LightOps.NeuralLens.Component.EvaluationApiConnector", "src\LightOps.NeuralLens.Component.EvaluationApiConnector\LightOps.NeuralLens.Component.EvaluationApiConnector.csproj", "{A06415CE-7717-4CD6-A520-56B9E7D4A285}"
EndProject
Project("{FAE04EC0-301F-11D3-BF4B-00C04F79EFBC}") = "LightOps.NeuralLens.Component.ObservabilityApiConnector", "src\LightOps.NeuralLens.Component.ObservabilityApiConnector\LightOps.NeuralLens.Component.ObservabilityApiConnector.csproj", "{CA059F06-41A1-48C8-90EF-D38B80DCD66D}"
EndProject
Project("{FAE04EC0-301F-11D3-BF4B-00C04F79EFBC}") = "LightOps.NeuralLens.WorkspaceApi", "src\LightOps.NeuralLens.WorkspaceApi\LightOps.NeuralLens.WorkspaceApi.csproj", "{08D5B9CD-A6E1-48CE-B1DD-33B5A5B0D833}"
EndProject
Project("{FAE04EC0-301F-11D3-BF4B-00C04F79EFBC}") = "LightOps.NeuralLens.Component.WorkspaceApiConnector", "src\LightOps.NeuralLens.Component.WorkspaceApiConnector\LightOps.NeuralLens.Component.WorkspaceApiConnector.csproj", "{B732C024-F42B-4C99-AB50-BB71C19FEA23}"
EndProject
Project("{FAE04EC0-301F-11D3-BF4B-00C04F79EFBC}") = "LightOps.NeuralLens.OrganizationApi", "src\LightOps.NeuralLens.OrganizationApi\LightOps.NeuralLens.OrganizationApi.csproj", "{5E379BA6-C669-4272-AA63-82412092F288}"
EndProject
Project("{FAE04EC0-301F-11D3-BF4B-00C04F79EFBC}") = "LightOps.NeuralLens.Component.OrganizationApiConnector", "src\LightOps.NeuralLens.Component.OrganizationApiConnector\LightOps.NeuralLens.Component.OrganizationApiConnector.csproj", "{D7C1FB8F-DBED-4682-A4CA-83A3D7DA6F1C}"
EndProject
Project("{FAE04EC0-301F-11D3-BF4B-00C04F79EFBC}") = "LightOps.NeuralLens.IngestApi", "src\LightOps.NeuralLens.IngestApi\LightOps.NeuralLens.IngestApi.csproj", "{41C4D3E4-E0AA-47CF-A2E4-2DBC9E436805}"
EndProject
Project("{2150E333-8FDC-42A3-9474-1A3956D46DE8}") = "Samples", "Samples", "{8E935A13-6B41-4E9B-8A4E-66D48D9636B6}"
EndProject
Project("{FAE04EC0-301F-11D3-BF4B-00C04F79EFBC}") = "Sample.SemanticKernel.WebApi", "samples\Sample.SemanticKernel.WebApi\Sample.SemanticKernel.WebApi.csproj", "{B2D0880B-01CD-4EF6-9242-C6C5A523299F}"
EndProject
Project("{2150E333-8FDC-42A3-9474-1A3956D46DE8}") = "Data", "Data", "{49632D96-B060-481A-8711-3DCCED3A1D91}"
EndProject
Project("{FAE04EC0-301F-11D3-BF4B-00C04F79EFBC}") = "LightOps.NeuralLens.Data.Contract.Observability", "src\LightOps.NeuralLens.Data.Contract.Observability\LightOps.NeuralLens.Data.Contract.Observability.csproj", "{881E2E85-E146-4A6D-A0A4-37047D4564AB}"
EndProject
Project("{2150E333-8FDC-42A3-9474-1A3956D46DE8}") = "Tests", "Tests", "{F5DF224C-36B5-4D5F-AAC4-4866B562FC55}"
EndProject
Project("{FAE04EC0-301F-11D3-BF4B-00C04F79EFBC}") = "LightOps.NeuralLens.IngestApi.Tests", "tests\LightOps.NeuralLens.IngestApi.Tests\LightOps.NeuralLens.IngestApi.Tests.csproj", "{C9215D5B-2B39-423C-B2EF-8314B406B819}"
EndProject
Project("{FAE04EC0-301F-11D3-BF4B-00C04F79EFBC}") = "LightOps.NeuralLens.ClickHouseMigrationWorker", "src\LightOps.NeuralLens.ClickHouseMigrationWorker\LightOps.NeuralLens.ClickHouseMigrationWorker.csproj", "{D1CCAB9E-8070-43FD-83C0-81017CDAD7A9}"
EndProject
Project("{2150E333-8FDC-42A3-9474-1A3956D46DE8}") = "Worker services", "Worker services", "{048B59FB-0CF0-437A-B019-4CD1935761D2}"
EndProject
Project("{FAE04EC0-301F-11D3-BF4B-00C04F79EFBC}") = "LightOps.NeuralLens.AuthApi", "src\LightOps.NeuralLens.AuthApi\LightOps.NeuralLens.AuthApi.csproj", "{EC698CAB-9220-4132-BDF4-2F30471F15C3}"
EndProject
Project("{FAE04EC0-301F-11D3-BF4B-00C04F79EFBC}") = "LightOps.NeuralLens.Component.ServiceDefaults.OpenApi", "src\LightOps.NeuralLens.Component.ServiceDefaults.OpenApi\LightOps.NeuralLens.Component.ServiceDefaults.OpenApi.csproj", "{3338B41E-34B7-4B6A-BB11-030AA7E3A44C}"
EndProject
Project("{FAE04EC0-301F-11D3-BF4B-00C04F79EFBC}") = "LightOps.NeuralLens.AuthApi.Tests", "tests\LightOps.NeuralLens.AuthApi.Tests\LightOps.NeuralLens.AuthApi.Tests.csproj", "{2F335640-2A75-4AB4-B5CE-10E499A25180}"
EndProject
Project("{FAE04EC0-301F-11D3-BF4B-00C04F79EFBC}") = "LightOps.NeuralLens.PermissionApi", "src\LightOps.NeuralLens.PermissionApi\LightOps.NeuralLens.PermissionApi.csproj", "{72A6CE11-162E-44B4-A281-DB5E5D7F86C1}"
EndProject
Project("{FAE04EC0-301F-11D3-BF4B-00C04F79EFBC}") = "LightOps.NeuralLens.PermissionApi.Tests", "tests\LightOps.NeuralLens.PermissionApi.Tests\LightOps.NeuralLens.PermissionApi.Tests.csproj", "{31DFC61B-9EED-4B8E-B2CC-62D20C711AEE}"
EndProject
Project("{FAE04EC0-301F-11D3-BF4B-00C04F79EFBC}") = "LightOps.NeuralLens.ApiGateway", "src\LightOps.NeuralLens.ApiGateway\LightOps.NeuralLens.ApiGateway.csproj", "{2CBB1282-5250-452E-8EBA-CBDD2B3E94B1}"
EndProject
Global
	GlobalSection(SolutionConfigurationPlatforms) = preSolution
		Debug|Any CPU = Debug|Any CPU
		Release|Any CPU = Release|Any CPU
	EndGlobalSection
	GlobalSection(ProjectConfigurationPlatforms) = postSolution
		{92B1362B-BDD6-44D3-A163-8E3479CFAFB6}.Debug|Any CPU.ActiveCfg = Debug|Any CPU
		{92B1362B-BDD6-44D3-A163-8E3479CFAFB6}.Debug|Any CPU.Build.0 = Debug|Any CPU
		{92B1362B-BDD6-44D3-A163-8E3479CFAFB6}.Release|Any CPU.ActiveCfg = Release|Any CPU
		{92B1362B-BDD6-44D3-A163-8E3479CFAFB6}.Release|Any CPU.Build.0 = Release|Any CPU
		{30CA19B3-C155-DB72-1DA4-838D8AEB0B8D}.Debug|Any CPU.ActiveCfg = Debug|Any CPU
		{30CA19B3-C155-DB72-1DA4-838D8AEB0B8D}.Debug|Any CPU.Build.0 = Debug|Any CPU
		{30CA19B3-C155-DB72-1DA4-838D8AEB0B8D}.Release|Any CPU.ActiveCfg = Release|Any CPU
		{30CA19B3-C155-DB72-1DA4-838D8AEB0B8D}.Release|Any CPU.Build.0 = Release|Any CPU
		{F9AC15E1-7689-4CCF-A599-388E834C6EC4}.Debug|Any CPU.ActiveCfg = Debug|Any CPU
		{F9AC15E1-7689-4CCF-A599-388E834C6EC4}.Debug|Any CPU.Build.0 = Debug|Any CPU
		{F9AC15E1-7689-4CCF-A599-388E834C6EC4}.Release|Any CPU.ActiveCfg = Release|Any CPU
		{F9AC15E1-7689-4CCF-A599-388E834C6EC4}.Release|Any CPU.Build.0 = Release|Any CPU
		{C8BB3688-58EB-45A0-B9D0-3CE53C0D5516}.Debug|Any CPU.ActiveCfg = Debug|Any CPU
		{C8BB3688-58EB-45A0-B9D0-3CE53C0D5516}.Debug|Any CPU.Build.0 = Debug|Any CPU
		{C8BB3688-58EB-45A0-B9D0-3CE53C0D5516}.Release|Any CPU.ActiveCfg = Release|Any CPU
		{C8BB3688-58EB-45A0-B9D0-3CE53C0D5516}.Release|Any CPU.Build.0 = Release|Any CPU
		{8602A3EA-FF25-4F11-B9E1-0E67CB347741}.Debug|Any CPU.ActiveCfg = Debug|Any CPU
		{8602A3EA-FF25-4F11-B9E1-0E67CB347741}.Debug|Any CPU.Build.0 = Debug|Any CPU
		{8602A3EA-FF25-4F11-B9E1-0E67CB347741}.Release|Any CPU.ActiveCfg = Release|Any CPU
		{8602A3EA-FF25-4F11-B9E1-0E67CB347741}.Release|Any CPU.Build.0 = Release|Any CPU
		{A06415CE-7717-4CD6-A520-56B9E7D4A285}.Debug|Any CPU.ActiveCfg = Debug|Any CPU
		{A06415CE-7717-4CD6-A520-56B9E7D4A285}.Debug|Any CPU.Build.0 = Debug|Any CPU
		{A06415CE-7717-4CD6-A520-56B9E7D4A285}.Release|Any CPU.ActiveCfg = Release|Any CPU
		{A06415CE-7717-4CD6-A520-56B9E7D4A285}.Release|Any CPU.Build.0 = Release|Any CPU
		{CA059F06-41A1-48C8-90EF-D38B80DCD66D}.Debug|Any CPU.ActiveCfg = Debug|Any CPU
		{CA059F06-41A1-48C8-90EF-D38B80DCD66D}.Debug|Any CPU.Build.0 = Debug|Any CPU
		{CA059F06-41A1-48C8-90EF-D38B80DCD66D}.Release|Any CPU.ActiveCfg = Release|Any CPU
		{CA059F06-41A1-48C8-90EF-D38B80DCD66D}.Release|Any CPU.Build.0 = Release|Any CPU
		{08D5B9CD-A6E1-48CE-B1DD-33B5A5B0D833}.Debug|Any CPU.ActiveCfg = Debug|Any CPU
		{08D5B9CD-A6E1-48CE-B1DD-33B5A5B0D833}.Debug|Any CPU.Build.0 = Debug|Any CPU
		{08D5B9CD-A6E1-48CE-B1DD-33B5A5B0D833}.Release|Any CPU.ActiveCfg = Release|Any CPU
		{08D5B9CD-A6E1-48CE-B1DD-33B5A5B0D833}.Release|Any CPU.Build.0 = Release|Any CPU
		{B732C024-F42B-4C99-AB50-BB71C19FEA23}.Debug|Any CPU.ActiveCfg = Debug|Any CPU
		{B732C024-F42B-4C99-AB50-BB71C19FEA23}.Debug|Any CPU.Build.0 = Debug|Any CPU
		{B732C024-F42B-4C99-AB50-BB71C19FEA23}.Release|Any CPU.ActiveCfg = Release|Any CPU
		{B732C024-F42B-4C99-AB50-BB71C19FEA23}.Release|Any CPU.Build.0 = Release|Any CPU
		{5E379BA6-C669-4272-AA63-82412092F288}.Debug|Any CPU.ActiveCfg = Debug|Any CPU
		{5E379BA6-C669-4272-AA63-82412092F288}.Debug|Any CPU.Build.0 = Debug|Any CPU
		{5E379BA6-C669-4272-AA63-82412092F288}.Release|Any CPU.ActiveCfg = Release|Any CPU
		{5E379BA6-C669-4272-AA63-82412092F288}.Release|Any CPU.Build.0 = Release|Any CPU
		{D7C1FB8F-DBED-4682-A4CA-83A3D7DA6F1C}.Debug|Any CPU.ActiveCfg = Debug|Any CPU
		{D7C1FB8F-DBED-4682-A4CA-83A3D7DA6F1C}.Debug|Any CPU.Build.0 = Debug|Any CPU
		{D7C1FB8F-DBED-4682-A4CA-83A3D7DA6F1C}.Release|Any CPU.ActiveCfg = Release|Any CPU
		{D7C1FB8F-DBED-4682-A4CA-83A3D7DA6F1C}.Release|Any CPU.Build.0 = Release|Any CPU
		{41C4D3E4-E0AA-47CF-A2E4-2DBC9E436805}.Debug|Any CPU.ActiveCfg = Debug|Any CPU
		{41C4D3E4-E0AA-47CF-A2E4-2DBC9E436805}.Debug|Any CPU.Build.0 = Debug|Any CPU
		{41C4D3E4-E0AA-47CF-A2E4-2DBC9E436805}.Release|Any CPU.ActiveCfg = Release|Any CPU
		{41C4D3E4-E0AA-47CF-A2E4-2DBC9E436805}.Release|Any CPU.Build.0 = Release|Any CPU
		{B2D0880B-01CD-4EF6-9242-C6C5A523299F}.Debug|Any CPU.ActiveCfg = Debug|Any CPU
		{B2D0880B-01CD-4EF6-9242-C6C5A523299F}.Debug|Any CPU.Build.0 = Debug|Any CPU
		{B2D0880B-01CD-4EF6-9242-C6C5A523299F}.Release|Any CPU.ActiveCfg = Release|Any CPU
		{B2D0880B-01CD-4EF6-9242-C6C5A523299F}.Release|Any CPU.Build.0 = Release|Any CPU
		{881E2E85-E146-4A6D-A0A4-37047D4564AB}.Debug|Any CPU.ActiveCfg = Debug|Any CPU
		{881E2E85-E146-4A6D-A0A4-37047D4564AB}.Debug|Any CPU.Build.0 = Debug|Any CPU
		{881E2E85-E146-4A6D-A0A4-37047D4564AB}.Release|Any CPU.ActiveCfg = Release|Any CPU
		{881E2E85-E146-4A6D-A0A4-37047D4564AB}.Release|Any CPU.Build.0 = Release|Any CPU
		{C9215D5B-2B39-423C-B2EF-8314B406B819}.Debug|Any CPU.ActiveCfg = Debug|Any CPU
		{C9215D5B-2B39-423C-B2EF-8314B406B819}.Debug|Any CPU.Build.0 = Debug|Any CPU
		{C9215D5B-2B39-423C-B2EF-8314B406B819}.Release|Any CPU.ActiveCfg = Release|Any CPU
		{C9215D5B-2B39-423C-B2EF-8314B406B819}.Release|Any CPU.Build.0 = Release|Any CPU
		{D1CCAB9E-8070-43FD-83C0-81017CDAD7A9}.Debug|Any CPU.ActiveCfg = Debug|Any CPU
		{D1CCAB9E-8070-43FD-83C0-81017CDAD7A9}.Debug|Any CPU.Build.0 = Debug|Any CPU
		{D1CCAB9E-8070-43FD-83C0-81017CDAD7A9}.Release|Any CPU.ActiveCfg = Release|Any CPU
		{D1CCAB9E-8070-43FD-83C0-81017CDAD7A9}.Release|Any CPU.Build.0 = Release|Any CPU
		{EC698CAB-9220-4132-BDF4-2F30471F15C3}.Debug|Any CPU.ActiveCfg = Debug|Any CPU
		{EC698CAB-9220-4132-BDF4-2F30471F15C3}.Debug|Any CPU.Build.0 = Debug|Any CPU
		{EC698CAB-9220-4132-BDF4-2F30471F15C3}.Release|Any CPU.ActiveCfg = Release|Any CPU
		{EC698CAB-9220-4132-BDF4-2F30471F15C3}.Release|Any CPU.Build.0 = Release|Any CPU
		{3338B41E-34B7-4B6A-BB11-030AA7E3A44C}.Debug|Any CPU.ActiveCfg = Debug|Any CPU
		{3338B41E-34B7-4B6A-BB11-030AA7E3A44C}.Debug|Any CPU.Build.0 = Debug|Any CPU
		{3338B41E-34B7-4B6A-BB11-030AA7E3A44C}.Release|Any CPU.ActiveCfg = Release|Any CPU
		{3338B41E-34B7-4B6A-BB11-030AA7E3A44C}.Release|Any CPU.Build.0 = Release|Any CPU
		{2F335640-2A75-4AB4-B5CE-10E499A25180}.Debug|Any CPU.ActiveCfg = Debug|Any CPU
		{2F335640-2A75-4AB4-B5CE-10E499A25180}.Debug|Any CPU.Build.0 = Debug|Any CPU
		{2F335640-2A75-4AB4-B5CE-10E499A25180}.Release|Any CPU.ActiveCfg = Release|Any CPU
		{2F335640-2A75-4AB4-B5CE-10E499A25180}.Release|Any CPU.Build.0 = Release|Any CPU
		{72A6CE11-162E-44B4-A281-DB5E5D7F86C1}.Debug|Any CPU.ActiveCfg = Debug|Any CPU
		{72A6CE11-162E-44B4-A281-DB5E5D7F86C1}.Debug|Any CPU.Build.0 = Debug|Any CPU
		{72A6CE11-162E-44B4-A281-DB5E5D7F86C1}.Release|Any CPU.ActiveCfg = Release|Any CPU
		{72A6CE11-162E-44B4-A281-DB5E5D7F86C1}.Release|Any CPU.Build.0 = Release|Any CPU
		{31DFC61B-9EED-4B8E-B2CC-62D20C711AEE}.Debug|Any CPU.ActiveCfg = Debug|Any CPU
		{31DFC61B-9EED-4B8E-B2CC-62D20C711AEE}.Debug|Any CPU.Build.0 = Debug|Any CPU
		{31DFC61B-9EED-4B8E-B2CC-62D20C711AEE}.Release|Any CPU.ActiveCfg = Release|Any CPU
		{31DFC61B-9EED-4B8E-B2CC-62D20C711AEE}.Release|Any CPU.Build.0 = Release|Any CPU
		{2CBB1282-5250-452E-8EBA-CBDD2B3E94B1}.Debug|Any CPU.ActiveCfg = Debug|Any CPU
		{2CBB1282-5250-452E-8EBA-CBDD2B3E94B1}.Debug|Any CPU.Build.0 = Debug|Any CPU
		{2CBB1282-5250-452E-8EBA-CBDD2B3E94B1}.Release|Any CPU.ActiveCfg = Release|Any CPU
		{2CBB1282-5250-452E-8EBA-CBDD2B3E94B1}.Release|Any CPU.Build.0 = Release|Any CPU
	EndGlobalSection
	GlobalSection(SolutionProperties) = preSolution
		HideSolutionNode = FALSE
	EndGlobalSection
	GlobalSection(NestedProjects) = preSolution
		{92B1362B-BDD6-44D3-A163-8E3479CFAFB6} = {77117863-B62A-4DCC-9793-22E68E3A1BD1}
		{30CA19B3-C155-DB72-1DA4-838D8AEB0B8D} = {AB981933-FCBD-4642-9609-4CB24683A4CA}
		{02EA681E-C7D8-13C7-8484-4AC65E1B71E8} = {77117863-B62A-4DCC-9793-22E68E3A1BD1}
		{523B8D76-EBEF-490C-8CEF-519DE1A39FAF} = {77117863-B62A-4DCC-9793-22E68E3A1BD1}
		{F9AC15E1-7689-4CCF-A599-388E834C6EC4} = {02EA681E-C7D8-13C7-8484-4AC65E1B71E8}
		{C8BB3688-58EB-45A0-B9D0-3CE53C0D5516} = {523B8D76-EBEF-490C-8CEF-519DE1A39FAF}
		{8602A3EA-FF25-4F11-B9E1-0E67CB347741} = {02EA681E-C7D8-13C7-8484-4AC65E1B71E8}
		{B477B74D-6D2B-42CD-8FD6-E18C948B88A7} = {AB981933-FCBD-4642-9609-4CB24683A4CA}
		{A06415CE-7717-4CD6-A520-56B9E7D4A285} = {B477B74D-6D2B-42CD-8FD6-E18C948B88A7}
		{CA059F06-41A1-48C8-90EF-D38B80DCD66D} = {B477B74D-6D2B-42CD-8FD6-E18C948B88A7}
		{08D5B9CD-A6E1-48CE-B1DD-33B5A5B0D833} = {02EA681E-C7D8-13C7-8484-4AC65E1B71E8}
		{B732C024-F42B-4C99-AB50-BB71C19FEA23} = {B477B74D-6D2B-42CD-8FD6-E18C948B88A7}
		{5E379BA6-C669-4272-AA63-82412092F288} = {02EA681E-C7D8-13C7-8484-4AC65E1B71E8}
		{D7C1FB8F-DBED-4682-A4CA-83A3D7DA6F1C} = {B477B74D-6D2B-42CD-8FD6-E18C948B88A7}
		{41C4D3E4-E0AA-47CF-A2E4-2DBC9E436805} = {02EA681E-C7D8-13C7-8484-4AC65E1B71E8}
		{B2D0880B-01CD-4EF6-9242-C6C5A523299F} = {8E935A13-6B41-4E9B-8A4E-66D48D9636B6}
		{881E2E85-E146-4A6D-A0A4-37047D4564AB} = {49632D96-B060-481A-8711-3DCCED3A1D91}
		{C9215D5B-2B39-423C-B2EF-8314B406B819} = {F5DF224C-36B5-4D5F-AAC4-4866B562FC55}
		{D1CCAB9E-8070-43FD-83C0-81017CDAD7A9} = {048B59FB-0CF0-437A-B019-4CD1935761D2}
		{048B59FB-0CF0-437A-B019-4CD1935761D2} = {77117863-B62A-4DCC-9793-22E68E3A1BD1}
		{EC698CAB-9220-4132-BDF4-2F30471F15C3} = {02EA681E-C7D8-13C7-8484-4AC65E1B71E8}
		{3338B41E-34B7-4B6A-BB11-030AA7E3A44C} = {AB981933-FCBD-4642-9609-4CB24683A4CA}
		{2F335640-2A75-4AB4-B5CE-10E499A25180} = {F5DF224C-36B5-4D5F-AAC4-4866B562FC55}
		{72A6CE11-162E-44B4-A281-DB5E5D7F86C1} = {02EA681E-C7D8-13C7-8484-4AC65E1B71E8}
		{31DFC61B-9EED-4B8E-B2CC-62D20C711AEE} = {F5DF224C-36B5-4D5F-AAC4-4866B562FC55}
		{2CBB1282-5250-452E-8EBA-CBDD2B3E94B1} = {77117863-B62A-4DCC-9793-22E68E3A1BD1}
	EndGlobalSection
	GlobalSection(ExtensibilityGlobals) = postSolution
		SolutionGuid = {1EAE1BC1-E411-46F1-8594-B6D92E0CF8AE}
	EndGlobalSection
EndGlobal
